
Microsoft Visual Studio Solution File, Format Version 12.00
# Visual Studio Version 17
VisualStudioVersion = 17.7.34202.233
MinimumVisualStudioVersion = 10.0.40219.1
Project("{9A19103F-16F7-4668-BE54-9A1E7A4F7556}") = "Switch", "..\..\webefinity\webefinity-switch\src\Switch\Switch.csproj", "{6D65A55E-D480-4296-BD33-845C2878F0B8}"
EndProject
Project("{9A19103F-16F7-4668-BE54-9A1E7A4F7556}") = "CommentParser", "src\cli\CommentParser\CommentParser.csproj", "{398A3BCD-1D6E-48C2-97E8-793D44B65D86}"
EndProject
Project("{9A19103F-16F7-4668-BE54-9A1E7A4F7556}") = "CommentDestructure", "src\cli\CommentDestructure\CommentDestructure.csproj", "{9B6AAF2B-2A02-4E6B-8EEE-D9960E2754D2}"
EndProject
Project("{9A19103F-16F7-4668-BE54-9A1E7A4F7556}") = "ExpressionParser", "src\cli\ExpressionParser\ExpressionParser.csproj", "{9B14BB08-25F8-4AE8-939D-EFB093357017}"
EndProject
Project("{9A19103F-16F7-4668-BE54-9A1E7A4F7556}") = "Common", "src\cli\Common\Common.csproj", "{8814FAE8-E626-4874-9DBB-065DA48D6C3D}"
EndProject
Project("{9A19103F-16F7-4668-BE54-9A1E7A4F7556}") = "TodoCli", "src\cli\TodoCli\TodoCli.csproj", "{B92E6962-1439-4750-930C-7DC88F7993A1}"
EndProject
Project("{2150E333-8FDC-42A3-9474-1A3956D46DE8}") = "CLI", "CLI", "{2243143F-CF6E-4C0D-ABFB-92AE713BE231}"
EndProject
Project("{2150E333-8FDC-42A3-9474-1A3956D46DE8}") = "Server", "Server", "{71AC1A3C-FB61-436F-AEEE-0263E35D065E}"
EndProject
Project("{9A19103F-16F7-4668-BE54-9A1E7A4F7556}") = "TodoApp", "src\srv\TodoApp\TodoApp\TodoApp.csproj", "{CF9F742F-870A-4BD3-8866-D426A4DCFCF6}"
EndProject
Project("{9A19103F-16F7-4668-BE54-9A1E7A4F7556}") = "TodoApp.Client", "src\srv\TodoApp\TodoApp.Client\TodoApp.Client.csproj", "{EDE2BB04-FD7F-419C-92B2-CE3FDA914ADB}"
EndProject
Project("{9A19103F-16F7-4668-BE54-9A1E7A4F7556}") = "TodoApp.Data.Auth", "src\srv\TodoApp.Data.Auth\TodoApp.Data.Auth.csproj", "{DD933E38-BBCE-4A61-A00B-5C580533E009}"
EndProject
Project("{9A19103F-16F7-4668-BE54-9A1E7A4F7556}") = "TodoUI", "src\srv\TodoUI\TodoUI.csproj", "{D3F10D6C-F4CE-4857-91AA-AEC53F5345F8}"
EndProject
Project("{FAE04EC0-301F-11D3-BF4B-00C04F79EFBC}") = "AvaloniaApplication1", "AvaloniaApplication1\AvaloniaApplication1.csproj", "{6DD3E710-B793-4820-AC19-85B488D8ECD5}"
EndProject
Global
	GlobalSection(SolutionConfigurationPlatforms) = preSolution
		Debug|Any CPU = Debug|Any CPU
		Release|Any CPU = Release|Any CPU
	EndGlobalSection
	GlobalSection(ProjectConfigurationPlatforms) = postSolution
		{6D65A55E-D480-4296-BD33-845C2878F0B8}.Debug|Any CPU.ActiveCfg = Debug|Any CPU
		{6D65A55E-D480-4296-BD33-845C2878F0B8}.Debug|Any CPU.Build.0 = Debug|Any CPU
		{6D65A55E-D480-4296-BD33-845C2878F0B8}.Release|Any CPU.ActiveCfg = Release|Any CPU
		{6D65A55E-D480-4296-BD33-845C2878F0B8}.Release|Any CPU.Build.0 = Release|Any CPU
		{398A3BCD-1D6E-48C2-97E8-793D44B65D86}.Debug|Any CPU.ActiveCfg = Debug|Any CPU
		{398A3BCD-1D6E-48C2-97E8-793D44B65D86}.Debug|Any CPU.Build.0 = Debug|Any CPU
		{398A3BCD-1D6E-48C2-97E8-793D44B65D86}.Release|Any CPU.ActiveCfg = Release|Any CPU
		{398A3BCD-1D6E-48C2-97E8-793D44B65D86}.Release|Any CPU.Build.0 = Release|Any CPU
		{9B6AAF2B-2A02-4E6B-8EEE-D9960E2754D2}.Debug|Any CPU.ActiveCfg = Debug|Any CPU
		{9B6AAF2B-2A02-4E6B-8EEE-D9960E2754D2}.Debug|Any CPU.Build.0 = Debug|Any CPU
		{9B6AAF2B-2A02-4E6B-8EEE-D9960E2754D2}.Release|Any CPU.ActiveCfg = Release|Any CPU
		{9B6AAF2B-2A02-4E6B-8EEE-D9960E2754D2}.Release|Any CPU.Build.0 = Release|Any CPU
		{9B14BB08-25F8-4AE8-939D-EFB093357017}.Debug|Any CPU.ActiveCfg = Debug|Any CPU
		{9B14BB08-25F8-4AE8-939D-EFB093357017}.Debug|Any CPU.Build.0 = Debug|Any CPU
		{9B14BB08-25F8-4AE8-939D-EFB093357017}.Release|Any CPU.ActiveCfg = Release|Any CPU
		{9B14BB08-25F8-4AE8-939D-EFB093357017}.Release|Any CPU.Build.0 = Release|Any CPU
		{8814FAE8-E626-4874-9DBB-065DA48D6C3D}.Debug|Any CPU.ActiveCfg = Debug|Any CPU
		{8814FAE8-E626-4874-9DBB-065DA48D6C3D}.Debug|Any CPU.Build.0 = Debug|Any CPU
		{8814FAE8-E626-4874-9DBB-065DA48D6C3D}.Release|Any CPU.ActiveCfg = Release|Any CPU
		{8814FAE8-E626-4874-9DBB-065DA48D6C3D}.Release|Any CPU.Build.0 = Release|Any CPU
		{B92E6962-1439-4750-930C-7DC88F7993A1}.Debug|Any CPU.ActiveCfg = Debug|Any CPU
		{B92E6962-1439-4750-930C-7DC88F7993A1}.Debug|Any CPU.Build.0 = Debug|Any CPU
		{B92E6962-1439-4750-930C-7DC88F7993A1}.Release|Any CPU.ActiveCfg = Release|Any CPU
		{B92E6962-1439-4750-930C-7DC88F7993A1}.Release|Any CPU.Build.0 = Release|Any CPU
		{CF9F742F-870A-4BD3-8866-D426A4DCFCF6}.Debug|Any CPU.ActiveCfg = Debug|Any CPU
		{CF9F742F-870A-4BD3-8866-D426A4DCFCF6}.Debug|Any CPU.Build.0 = Debug|Any CPU
		{CF9F742F-870A-4BD3-8866-D426A4DCFCF6}.Release|Any CPU.ActiveCfg = Release|Any CPU
		{CF9F742F-870A-4BD3-8866-D426A4DCFCF6}.Release|Any CPU.Build.0 = Release|Any CPU
		{EDE2BB04-FD7F-419C-92B2-CE3FDA914ADB}.Debug|Any CPU.ActiveCfg = Debug|Any CPU
		{EDE2BB04-FD7F-419C-92B2-CE3FDA914ADB}.Debug|Any CPU.Build.0 = Debug|Any CPU
		{EDE2BB04-FD7F-419C-92B2-CE3FDA914ADB}.Release|Any CPU.ActiveCfg = Release|Any CPU
		{EDE2BB04-FD7F-419C-92B2-CE3FDA914ADB}.Release|Any CPU.Build.0 = Release|Any CPU
		{DD933E38-BBCE-4A61-A00B-5C580533E009}.Debug|Any CPU.ActiveCfg = Debug|Any CPU
		{DD933E38-BBCE-4A61-A00B-5C580533E009}.Debug|Any CPU.Build.0 = Debug|Any CPU
		{DD933E38-BBCE-4A61-A00B-5C580533E009}.Release|Any CPU.ActiveCfg = Release|Any CPU
		{DD933E38-BBCE-4A61-A00B-5C580533E009}.Release|Any CPU.Build.0 = Release|Any CPU
		{D3F10D6C-F4CE-4857-91AA-AEC53F5345F8}.Debug|Any CPU.ActiveCfg = Debug|Any CPU
		{D3F10D6C-F4CE-4857-91AA-AEC53F5345F8}.Debug|Any CPU.Build.0 = Debug|Any CPU
		{D3F10D6C-F4CE-4857-91AA-AEC53F5345F8}.Release|Any CPU.ActiveCfg = Release|Any CPU
		{D3F10D6C-F4CE-4857-91AA-AEC53F5345F8}.Release|Any CPU.Build.0 = Release|Any CPU
		{6DD3E710-B793-4820-AC19-85B488D8ECD5}.Debug|Any CPU.ActiveCfg = Debug|Any CPU
		{6DD3E710-B793-4820-AC19-85B488D8ECD5}.Debug|Any CPU.Build.0 = Debug|Any CPU
		{6DD3E710-B793-4820-AC19-85B488D8ECD5}.Release|Any CPU.ActiveCfg = Release|Any CPU
		{6DD3E710-B793-4820-AC19-85B488D8ECD5}.Release|Any CPU.Build.0 = Release|Any CPU
	EndGlobalSection
	GlobalSection(SolutionProperties) = preSolution
		HideSolutionNode = FALSE
	EndGlobalSection
	GlobalSection(NestedProjects) = preSolution
		{6D65A55E-D480-4296-BD33-845C2878F0B8} = {2243143F-CF6E-4C0D-ABFB-92AE713BE231}
		{398A3BCD-1D6E-48C2-97E8-793D44B65D86} = {2243143F-CF6E-4C0D-ABFB-92AE713BE231}
		{9B6AAF2B-2A02-4E6B-8EEE-D9960E2754D2} = {2243143F-CF6E-4C0D-ABFB-92AE713BE231}
		{9B14BB08-25F8-4AE8-939D-EFB093357017} = {2243143F-CF6E-4C0D-ABFB-92AE713BE231}
		{8814FAE8-E626-4874-9DBB-065DA48D6C3D} = {2243143F-CF6E-4C0D-ABFB-92AE713BE231}
		{B92E6962-1439-4750-930C-7DC88F7993A1} = {2243143F-CF6E-4C0D-ABFB-92AE713BE231}
		{CF9F742F-870A-4BD3-8866-D426A4DCFCF6} = {71AC1A3C-FB61-436F-AEEE-0263E35D065E}
		{EDE2BB04-FD7F-419C-92B2-CE3FDA914ADB} = {71AC1A3C-FB61-436F-AEEE-0263E35D065E}
		{DD933E38-BBCE-4A61-A00B-5C580533E009} = {71AC1A3C-FB61-436F-AEEE-0263E35D065E}
		{D3F10D6C-F4CE-4857-91AA-AEC53F5345F8} = {71AC1A3C-FB61-436F-AEEE-0263E35D065E}
	EndGlobalSection
	GlobalSection(ExtensibilityGlobals) = postSolution
		SolutionGuid = {18D8E6B7-731F-4FFB-B07F-F84D349E0ACB}
	EndGlobalSection
EndGlobal
