
Microsoft Visual Studio Solution File, Format Version 12.00
# Visual Studio Version 17
VisualStudioVersion = 17.7.34202.233
MinimumVisualStudioVersion = 10.0.40219.1
Project("{9A19103F-16F7-4668-BE54-9A1E7A4F7556}") = "Switch", "..\..\webefinity\webefinity-switch\src\Switch\Switch.csproj", "{6D65A55E-D480-4296-BD33-845C2878F0B8}"
EndProject
Project("{9A19103F-16F7-4668-BE54-9A1E7A4F7556}") = "CommentParser", "src\cli\CommentParser\CommentParser.csproj", "{398A3BCD-1D6E-48C2-97E8-793D44B65D86}"
EndProject
Project("{9A19103F-16F7-4668-BE54-9A1E7A4F7556}") = "CommentDestructure", "src\cli\CommentDestructure\CommentDestructure.csproj", "{9B6AAF2B-2A02-4E6B-8EEE-D9960E2754D2}"
EndProject
Project("{9A19103F-16F7-4668-BE54-9A1E7A4F7556}") = "ExpressionParser", "src\cli\ExpressionParser\ExpressionParser.csproj", "{9B14BB08-25F8-4AE8-939D-EFB093357017}"
EndProject
Project("{9A19103F-16F7-4668-BE54-9A1E7A4F7556}") = "Common", "src\cli\Common\Common.csproj", "{8814FAE8-E626-4874-9DBB-065DA48D6C3D}"
EndProject
Project("{9A19103F-16F7-4668-BE54-9A1E7A4F7556}") = "TodoCli", "src\cli\TodoCli\TodoCli.csproj", "{B92E6962-1439-4750-930C-7DC88F7993A1}"
EndProject
Project("{2150E333-8FDC-42A3-9474-1A3956D46DE8}") = "CLI", "CLI", "{2243143F-CF6E-4C0D-ABFB-92AE713BE231}"
EndProject
Project("{2150E333-8FDC-42A3-9474-1A3956D46DE8}") = "Server", "Server", "{71AC1A3C-FB61-436F-AEEE-0263E35D065E}"
EndProject
Project("{2150E333-8FDC-42A3-9474-1A3956D46DE8}") = "Auth", "Auth", "{21267BC6-E9CB-442C-BBE0-83C9DE9CA049}"
EndProject
Project("{9A19103F-16F7-4668-BE54-9A1E7A4F7556}") = "Gatekeeper", "src\auth\Gatekeeper\Gatekeeper.csproj", "{21ED390D-D588-4CFB-AAFD-D3E7FD0B4778}"
EndProject
Project("{2150E333-8FDC-42A3-9474-1A3956D46DE8}") = "UI", "UI", "{96700CB2-3C7D-42BB-9F6B-0D0B76714951}"
EndProject
Project("{9A19103F-16F7-4668-BE54-9A1E7A4F7556}") = "Cadence.UI", "src\ui\Cadence.UI\Cadence.UI.csproj", "{04DF1C17-A26C-4D17-8217-62DF90FA191B}"
EndProject
Project("{9A19103F-16F7-4668-BE54-9A1E7A4F7556}") = "Turbulence.Client", "src\srv\Turbulence.Client\Turbulence.Client.csproj", "{57D55DEF-060F-41F8-90A9-DF8173AFAE2F}"
EndProject
Project("{9A19103F-16F7-4668-BE54-9A1E7A4F7556}") = "Turbulence", "src\srv\Turbulence\Turbulence.csproj", "{51AD7E55-AB10-4FAC-A98A-E8E9197B5501}"
EndProject
Project("{2150E333-8FDC-42A3-9474-1A3956D46DE8}") = "Aspire", "Aspire", "{3DBF8171-D9BA-4311-85D7-FA2D40CE99B3}"
EndProject
Project("{9A19103F-16F7-4668-BE54-9A1E7A4F7556}") = "Turbulence.Aspire.AppHost", "src\srv\Turbulence.Aspire\Turbulence.Aspire.AppHost\Turbulence.Aspire.AppHost.csproj", "{3E610398-03A3-490C-92DF-9E33F8B806DC}"
EndProject
Project("{9A19103F-16F7-4668-BE54-9A1E7A4F7556}") = "Turbulence.Aspire.ServiceDefaults", "src\srv\Turbulence.Aspire\Turbulence.Aspire.ServiceDefaults\Turbulence.Aspire.ServiceDefaults.csproj", "{A06E5B65-05E6-4DB6-8691-9CED7C0464C5}"
EndProject
Project("{9A19103F-16F7-4668-BE54-9A1E7A4F7556}") = "Turbulence.Data", "src\srv\Turbulence.Data\Turbulence.Data.csproj", "{95D9F801-7ED7-4F18-9072-512D12E9B4EE}"
EndProject
Project("{9A19103F-16F7-4668-BE54-9A1E7A4F7556}") = "Turbulence.Shared", "src\srv\Turbulence.Shared\Turbulence.Shared.csproj", "{043911D5-4EEB-4C78-AA2C-CF9CD299C735}"
EndProject
Global
	GlobalSection(SolutionConfigurationPlatforms) = preSolution
		Debug|Any CPU = Debug|Any CPU
		Release|Any CPU = Release|Any CPU
	EndGlobalSection
	GlobalSection(ProjectConfigurationPlatforms) = postSolution
		{6D65A55E-D480-4296-BD33-845C2878F0B8}.Debug|Any CPU.ActiveCfg = Debug|Any CPU
		{6D65A55E-D480-4296-BD33-845C2878F0B8}.Debug|Any CPU.Build.0 = Debug|Any CPU
		{6D65A55E-D480-4296-BD33-845C2878F0B8}.Release|Any CPU.ActiveCfg = Release|Any CPU
		{6D65A55E-D480-4296-BD33-845C2878F0B8}.Release|Any CPU.Build.0 = Release|Any CPU
		{398A3BCD-1D6E-48C2-97E8-793D44B65D86}.Debug|Any CPU.ActiveCfg = Debug|Any CPU
		{398A3BCD-1D6E-48C2-97E8-793D44B65D86}.Debug|Any CPU.Build.0 = Debug|Any CPU
		{398A3BCD-1D6E-48C2-97E8-793D44B65D86}.Release|Any CPU.ActiveCfg = Release|Any CPU
		{398A3BCD-1D6E-48C2-97E8-793D44B65D86}.Release|Any CPU.Build.0 = Release|Any CPU
		{9B6AAF2B-2A02-4E6B-8EEE-D9960E2754D2}.Debug|Any CPU.ActiveCfg = Debug|Any CPU
		{9B6AAF2B-2A02-4E6B-8EEE-D9960E2754D2}.Debug|Any CPU.Build.0 = Debug|Any CPU
		{9B6AAF2B-2A02-4E6B-8EEE-D9960E2754D2}.Release|Any CPU.ActiveCfg = Release|Any CPU
		{9B6AAF2B-2A02-4E6B-8EEE-D9960E2754D2}.Release|Any CPU.Build.0 = Release|Any CPU
		{9B14BB08-25F8-4AE8-939D-EFB093357017}.Debug|Any CPU.ActiveCfg = Debug|Any CPU
		{9B14BB08-25F8-4AE8-939D-EFB093357017}.Debug|Any CPU.Build.0 = Debug|Any CPU
		{9B14BB08-25F8-4AE8-939D-EFB093357017}.Release|Any CPU.ActiveCfg = Release|Any CPU
		{9B14BB08-25F8-4AE8-939D-EFB093357017}.Release|Any CPU.Build.0 = Release|Any CPU
		{8814FAE8-E626-4874-9DBB-065DA48D6C3D}.Debug|Any CPU.ActiveCfg = Debug|Any CPU
		{8814FAE8-E626-4874-9DBB-065DA48D6C3D}.Debug|Any CPU.Build.0 = Debug|Any CPU
		{8814FAE8-E626-4874-9DBB-065DA48D6C3D}.Release|Any CPU.ActiveCfg = Release|Any CPU
		{8814FAE8-E626-4874-9DBB-065DA48D6C3D}.Release|Any CPU.Build.0 = Release|Any CPU
		{B92E6962-1439-4750-930C-7DC88F7993A1}.Debug|Any CPU.ActiveCfg = Debug|Any CPU
		{B92E6962-1439-4750-930C-7DC88F7993A1}.Debug|Any CPU.Build.0 = Debug|Any CPU
		{B92E6962-1439-4750-930C-7DC88F7993A1}.Release|Any CPU.ActiveCfg = Release|Any CPU
		{B92E6962-1439-4750-930C-7DC88F7993A1}.Release|Any CPU.Build.0 = Release|Any CPU
		{21ED390D-D588-4CFB-AAFD-D3E7FD0B4778}.Debug|Any CPU.ActiveCfg = Debug|Any CPU
		{21ED390D-D588-4CFB-AAFD-D3E7FD0B4778}.Debug|Any CPU.Build.0 = Debug|Any CPU
		{21ED390D-D588-4CFB-AAFD-D3E7FD0B4778}.Release|Any CPU.ActiveCfg = Release|Any CPU
		{21ED390D-D588-4CFB-AAFD-D3E7FD0B4778}.Release|Any CPU.Build.0 = Release|Any CPU
		{04DF1C17-A26C-4D17-8217-62DF90FA191B}.Debug|Any CPU.ActiveCfg = Debug|Any CPU
		{04DF1C17-A26C-4D17-8217-62DF90FA191B}.Debug|Any CPU.Build.0 = Debug|Any CPU
		{04DF1C17-A26C-4D17-8217-62DF90FA191B}.Release|Any CPU.ActiveCfg = Release|Any CPU
		{04DF1C17-A26C-4D17-8217-62DF90FA191B}.Release|Any CPU.Build.0 = Release|Any CPU
		{57D55DEF-060F-41F8-90A9-DF8173AFAE2F}.Debug|Any CPU.ActiveCfg = Debug|Any CPU
		{57D55DEF-060F-41F8-90A9-DF8173AFAE2F}.Debug|Any CPU.Build.0 = Debug|Any CPU
		{57D55DEF-060F-41F8-90A9-DF8173AFAE2F}.Release|Any CPU.ActiveCfg = Release|Any CPU
		{57D55DEF-060F-41F8-90A9-DF8173AFAE2F}.Release|Any CPU.Build.0 = Release|Any CPU
		{51AD7E55-AB10-4FAC-A98A-E8E9197B5501}.Debug|Any CPU.ActiveCfg = Debug|Any CPU
		{51AD7E55-AB10-4FAC-A98A-E8E9197B5501}.Debug|Any CPU.Build.0 = Debug|Any CPU
		{51AD7E55-AB10-4FAC-A98A-E8E9197B5501}.Release|Any CPU.ActiveCfg = Release|Any CPU
		{51AD7E55-AB10-4FAC-A98A-E8E9197B5501}.Release|Any CPU.Build.0 = Release|Any CPU
		{3E610398-03A3-490C-92DF-9E33F8B806DC}.Debug|Any CPU.ActiveCfg = Debug|Any CPU
		{3E610398-03A3-490C-92DF-9E33F8B806DC}.Debug|Any CPU.Build.0 = Debug|Any CPU
		{3E610398-03A3-490C-92DF-9E33F8B806DC}.Release|Any CPU.ActiveCfg = Release|Any CPU
		{3E610398-03A3-490C-92DF-9E33F8B806DC}.Release|Any CPU.Build.0 = Release|Any CPU
		{A06E5B65-05E6-4DB6-8691-9CED7C0464C5}.Debug|Any CPU.ActiveCfg = Debug|Any CPU
		{A06E5B65-05E6-4DB6-8691-9CED7C0464C5}.Debug|Any CPU.Build.0 = Debug|Any CPU
		{A06E5B65-05E6-4DB6-8691-9CED7C0464C5}.Release|Any CPU.ActiveCfg = Release|Any CPU
		{A06E5B65-05E6-4DB6-8691-9CED7C0464C5}.Release|Any CPU.Build.0 = Release|Any CPU
		{95D9F801-7ED7-4F18-9072-512D12E9B4EE}.Debug|Any CPU.ActiveCfg = Debug|Any CPU
		{95D9F801-7ED7-4F18-9072-512D12E9B4EE}.Debug|Any CPU.Build.0 = Debug|Any CPU
		{95D9F801-7ED7-4F18-9072-512D12E9B4EE}.Release|Any CPU.ActiveCfg = Release|Any CPU
		{95D9F801-7ED7-4F18-9072-512D12E9B4EE}.Release|Any CPU.Build.0 = Release|Any CPU
		{043911D5-4EEB-4C78-AA2C-CF9CD299C735}.Debug|Any CPU.ActiveCfg = Debug|Any CPU
		{043911D5-4EEB-4C78-AA2C-CF9CD299C735}.Debug|Any CPU.Build.0 = Debug|Any CPU
		{043911D5-4EEB-4C78-AA2C-CF9CD299C735}.Release|Any CPU.ActiveCfg = Release|Any CPU
		{043911D5-4EEB-4C78-AA2C-CF9CD299C735}.Release|Any CPU.Build.0 = Release|Any CPU
	EndGlobalSection
	GlobalSection(SolutionProperties) = preSolution
		HideSolutionNode = FALSE
	EndGlobalSection
	GlobalSection(NestedProjects) = preSolution
		{6D65A55E-D480-4296-BD33-845C2878F0B8} = {2243143F-CF6E-4C0D-ABFB-92AE713BE231}
		{398A3BCD-1D6E-48C2-97E8-793D44B65D86} = {2243143F-CF6E-4C0D-ABFB-92AE713BE231}
		{9B6AAF2B-2A02-4E6B-8EEE-D9960E2754D2} = {2243143F-CF6E-4C0D-ABFB-92AE713BE231}
		{9B14BB08-25F8-4AE8-939D-EFB093357017} = {2243143F-CF6E-4C0D-ABFB-92AE713BE231}
		{8814FAE8-E626-4874-9DBB-065DA48D6C3D} = {2243143F-CF6E-4C0D-ABFB-92AE713BE231}
		{B92E6962-1439-4750-930C-7DC88F7993A1} = {2243143F-CF6E-4C0D-ABFB-92AE713BE231}
		{21ED390D-D588-4CFB-AAFD-D3E7FD0B4778} = {21267BC6-E9CB-442C-BBE0-83C9DE9CA049}
		{04DF1C17-A26C-4D17-8217-62DF90FA191B} = {96700CB2-3C7D-42BB-9F6B-0D0B76714951}
		{57D55DEF-060F-41F8-90A9-DF8173AFAE2F} = {71AC1A3C-FB61-436F-AEEE-0263E35D065E}
		{51AD7E55-AB10-4FAC-A98A-E8E9197B5501} = {71AC1A3C-FB61-436F-AEEE-0263E35D065E}
		{3E610398-03A3-490C-92DF-9E33F8B806DC} = {3DBF8171-D9BA-4311-85D7-FA2D40CE99B3}
		{A06E5B65-05E6-4DB6-8691-9CED7C0464C5} = {3DBF8171-D9BA-4311-85D7-FA2D40CE99B3}
		{95D9F801-7ED7-4F18-9072-512D12E9B4EE} = {71AC1A3C-FB61-436F-AEEE-0263E35D065E}
		{043911D5-4EEB-4C78-AA2C-CF9CD299C735} = {71AC1A3C-FB61-436F-AEEE-0263E35D065E}
	EndGlobalSection
	GlobalSection(ExtensibilityGlobals) = postSolution
		SolutionGuid = {18D8E6B7-731F-4FFB-B07F-F84D349E0ACB}
	EndGlobalSection
EndGlobal
